
Microsoft Visual Studio Solution File, Format Version 12.00
# Visual Studio 15
VisualStudioVersion = 15.0.28307.960
MinimumVisualStudioVersion = 10.0.40219.1
Project("{FAE04EC0-301F-11D3-BF4B-00C04F79EFBC}") = "VreiSaFiiMiliardar(InRON)", "VreiSaFiiMiliardar(InRON)\VreiSaFiiMiliardar(InRON).csproj", "{9AE83452-6ACF-4842-AD42-10C45B5F6240}"
	ProjectSection(ProjectDependencies) = postProject
		{8659DF00-970D-4AB5-BB0B-C4D5A9E0C75C} = {8659DF00-970D-4AB5-BB0B-C4D5A9E0C75C}
		{067BE1A2-FC90-451E-92CF-2EC177752A7C} = {067BE1A2-FC90-451E-92CF-2EC177752A7C}
		{405F51A8-4033-4F9B-81E3-3F2EE40DFC3C} = {405F51A8-4033-4F9B-81E3-3F2EE40DFC3C}
		{1C562CD8-52A7-4B78-ADBE-9E5432888876} = {1C562CD8-52A7-4B78-ADBE-9E5432888876}
	EndProjectSection
EndProject
Project("{FAE04EC0-301F-11D3-BF4B-00C04F79EFBC}") = "Login", "Proxy\Login.csproj", "{71B7B47E-31EB-4424-A692-51F738A57EFE}"
	ProjectSection(ProjectDependencies) = postProject
		{8659DF00-970D-4AB5-BB0B-C4D5A9E0C75C} = {8659DF00-970D-4AB5-BB0B-C4D5A9E0C75C}
	EndProjectSection
EndProject
Project("{FAE04EC0-301F-11D3-BF4B-00C04F79EFBC}") = "DatabaseAcces", "DatabaseAcces\DatabaseAcces.csproj", "{DA10159B-06F4-415B-9918-873D20A059EF}"
	ProjectSection(ProjectDependencies) = postProject
		{8659DF00-970D-4AB5-BB0B-C4D5A9E0C75C} = {8659DF00-970D-4AB5-BB0B-C4D5A9E0C75C}
	EndProjectSection
EndProject
Project("{FAE04EC0-301F-11D3-BF4B-00C04F79EFBC}") = "Presenter", "Presenter\Presenter.csproj", "{405F51A8-4033-4F9B-81E3-3F2EE40DFC3C}"
	ProjectSection(ProjectDependencies) = postProject
		{8659DF00-970D-4AB5-BB0B-C4D5A9E0C75C} = {8659DF00-970D-4AB5-BB0B-C4D5A9E0C75C}
	EndProjectSection
EndProject
Project("{FAE04EC0-301F-11D3-BF4B-00C04F79EFBC}") = "Interfaces", "Interfaces\Interfaces.csproj", "{8659DF00-970D-4AB5-BB0B-C4D5A9E0C75C}"
EndProject
Project("{2150E333-8FDC-42A3-9474-1A3956D46DE8}") = "Model", "Model", "{44F65C7A-7B1D-4FB1-A38F-C9FC63B237CB}"
EndProject
Project("{2150E333-8FDC-42A3-9474-1A3956D46DE8}") = "View", "View", "{65EDE48B-1A97-4E2D-AFDF-DC7A9C64B163}"
EndProject
Project("{2150E333-8FDC-42A3-9474-1A3956D46DE8}") = "Presenter", "Presenter", "{0CE87FEC-9E98-432B-8DA1-DCAB2FEACF03}"
EndProject
Project("{2150E333-8FDC-42A3-9474-1A3956D46DE8}") = "Commons", "Commons", "{F50A78E5-9E08-472F-82A0-5D64E3E27EA4}"
EndProject
Project("{FAE04EC0-301F-11D3-BF4B-00C04F79EFBC}") = "View", "View\View.csproj", "{1C562CD8-52A7-4B78-ADBE-9E5432888876}"
	ProjectSection(ProjectDependencies) = postProject
		{8659DF00-970D-4AB5-BB0B-C4D5A9E0C75C} = {8659DF00-970D-4AB5-BB0B-C4D5A9E0C75C}
	EndProjectSection
EndProject
Project("{FAE04EC0-301F-11D3-BF4B-00C04F79EFBC}") = "ModelController", "ModelController\ModelController.csproj", "{067BE1A2-FC90-451E-92CF-2EC177752A7C}"
	ProjectSection(ProjectDependencies) = postProject
		{8659DF00-970D-4AB5-BB0B-C4D5A9E0C75C} = {8659DF00-970D-4AB5-BB0B-C4D5A9E0C75C}
		{71B7B47E-31EB-4424-A692-51F738A57EFE} = {71B7B47E-31EB-4424-A692-51F738A57EFE}
		{DA10159B-06F4-415B-9918-873D20A059EF} = {DA10159B-06F4-415B-9918-873D20A059EF}
	EndProjectSection
EndProject
Global
	GlobalSection(SolutionConfigurationPlatforms) = preSolution
		Debug|Any CPU = Debug|Any CPU
		Release|Any CPU = Release|Any CPU
	EndGlobalSection
	GlobalSection(ProjectConfigurationPlatforms) = postSolution
		{9AE83452-6ACF-4842-AD42-10C45B5F6240}.Debug|Any CPU.ActiveCfg = Debug|Any CPU
		{9AE83452-6ACF-4842-AD42-10C45B5F6240}.Debug|Any CPU.Build.0 = Debug|Any CPU
		{9AE83452-6ACF-4842-AD42-10C45B5F6240}.Release|Any CPU.ActiveCfg = Release|Any CPU
		{9AE83452-6ACF-4842-AD42-10C45B5F6240}.Release|Any CPU.Build.0 = Release|Any CPU
		{71B7B47E-31EB-4424-A692-51F738A57EFE}.Debug|Any CPU.ActiveCfg = Debug|Any CPU
		{71B7B47E-31EB-4424-A692-51F738A57EFE}.Debug|Any CPU.Build.0 = Debug|Any CPU
		{71B7B47E-31EB-4424-A692-51F738A57EFE}.Release|Any CPU.ActiveCfg = Release|Any CPU
		{71B7B47E-31EB-4424-A692-51F738A57EFE}.Release|Any CPU.Build.0 = Release|Any CPU
		{DA10159B-06F4-415B-9918-873D20A059EF}.Debug|Any CPU.ActiveCfg = Debug|Any CPU
		{DA10159B-06F4-415B-9918-873D20A059EF}.Debug|Any CPU.Build.0 = Debug|Any CPU
		{DA10159B-06F4-415B-9918-873D20A059EF}.Release|Any CPU.ActiveCfg = Release|Any CPU
		{DA10159B-06F4-415B-9918-873D20A059EF}.Release|Any CPU.Build.0 = Release|Any CPU
		{405F51A8-4033-4F9B-81E3-3F2EE40DFC3C}.Debug|Any CPU.ActiveCfg = Debug|Any CPU
		{405F51A8-4033-4F9B-81E3-3F2EE40DFC3C}.Debug|Any CPU.Build.0 = Debug|Any CPU
		{405F51A8-4033-4F9B-81E3-3F2EE40DFC3C}.Release|Any CPU.ActiveCfg = Release|Any CPU
		{405F51A8-4033-4F9B-81E3-3F2EE40DFC3C}.Release|Any CPU.Build.0 = Release|Any CPU
		{8659DF00-970D-4AB5-BB0B-C4D5A9E0C75C}.Debug|Any CPU.ActiveCfg = Debug|Any CPU
		{8659DF00-970D-4AB5-BB0B-C4D5A9E0C75C}.Debug|Any CPU.Build.0 = Debug|Any CPU
		{8659DF00-970D-4AB5-BB0B-C4D5A9E0C75C}.Release|Any CPU.ActiveCfg = Release|Any CPU
		{8659DF00-970D-4AB5-BB0B-C4D5A9E0C75C}.Release|Any CPU.Build.0 = Release|Any CPU
		{1C562CD8-52A7-4B78-ADBE-9E5432888876}.Debug|Any CPU.ActiveCfg = Debug|Any CPU
		{1C562CD8-52A7-4B78-ADBE-9E5432888876}.Debug|Any CPU.Build.0 = Debug|Any CPU
		{1C562CD8-52A7-4B78-ADBE-9E5432888876}.Release|Any CPU.ActiveCfg = Release|Any CPU
		{1C562CD8-52A7-4B78-ADBE-9E5432888876}.Release|Any CPU.Build.0 = Release|Any CPU
		{067BE1A2-FC90-451E-92CF-2EC177752A7C}.Debug|Any CPU.ActiveCfg = Debug|Any CPU
		{067BE1A2-FC90-451E-92CF-2EC177752A7C}.Debug|Any CPU.Build.0 = Debug|Any CPU
		{067BE1A2-FC90-451E-92CF-2EC177752A7C}.Release|Any CPU.ActiveCfg = Release|Any CPU
		{067BE1A2-FC90-451E-92CF-2EC177752A7C}.Release|Any CPU.Build.0 = Release|Any CPU
	EndGlobalSection
	GlobalSection(SolutionProperties) = preSolution
		HideSolutionNode = FALSE
	EndGlobalSection
	GlobalSection(NestedProjects) = preSolution
		{71B7B47E-31EB-4424-A692-51F738A57EFE} = {44F65C7A-7B1D-4FB1-A38F-C9FC63B237CB}
		{DA10159B-06F4-415B-9918-873D20A059EF} = {44F65C7A-7B1D-4FB1-A38F-C9FC63B237CB}
		{405F51A8-4033-4F9B-81E3-3F2EE40DFC3C} = {0CE87FEC-9E98-432B-8DA1-DCAB2FEACF03}
		{8659DF00-970D-4AB5-BB0B-C4D5A9E0C75C} = {F50A78E5-9E08-472F-82A0-5D64E3E27EA4}
		{1C562CD8-52A7-4B78-ADBE-9E5432888876} = {65EDE48B-1A97-4E2D-AFDF-DC7A9C64B163}
		{067BE1A2-FC90-451E-92CF-2EC177752A7C} = {44F65C7A-7B1D-4FB1-A38F-C9FC63B237CB}
	EndGlobalSection
	GlobalSection(ExtensibilityGlobals) = postSolution
		SolutionGuid = {5E502D72-397E-4542-8B1E-B9FD82C7CEB4}
	EndGlobalSection
EndGlobal
